
Microsoft Visual Studio Solution File, Format Version 12.00
# Visual Studio Version 17
VisualStudioVersion = 17.5.33530.505
MinimumVisualStudioVersion = 10.0.40219.1
Project("{9A19103F-16F7-4668-BE54-9A1E7A4F7556}") = "HealthCareCore", "HealthCareCore\HealthCareCore.csproj", "{05F134B9-7CBA-4D3E-8302-6CA429E96E26}"
EndProject
Project("{9A19103F-16F7-4668-BE54-9A1E7A4F7556}") = "HealthCareApi", "HealthCareApi\HealthCareApi.csproj", "{176E8C91-D242-40E2-859E-791B092B627F}"
EndProject
Project("{9A19103F-16F7-4668-BE54-9A1E7A4F7556}") = "HealthCareApiTest", "HealthCareApiTest\HealthCareApiTest.csproj", "{918FBA26-54BC-4363-B500-8047EC5FC950}"
EndProject
Global
	GlobalSection(SolutionConfigurationPlatforms) = preSolution
		Debug|Any CPU = Debug|Any CPU
		Release|Any CPU = Release|Any CPU
	EndGlobalSection
	GlobalSection(ProjectConfigurationPlatforms) = postSolution
		{05F134B9-7CBA-4D3E-8302-6CA429E96E26}.Debug|Any CPU.ActiveCfg = Debug|Any CPU
		{05F134B9-7CBA-4D3E-8302-6CA429E96E26}.Debug|Any CPU.Build.0 = Debug|Any CPU
		{05F134B9-7CBA-4D3E-8302-6CA429E96E26}.Release|Any CPU.ActiveCfg = Release|Any CPU
		{05F134B9-7CBA-4D3E-8302-6CA429E96E26}.Release|Any CPU.Build.0 = Release|Any CPU
		{176E8C91-D242-40E2-859E-791B092B627F}.Debug|Any CPU.ActiveCfg = Debug|Any CPU
		{176E8C91-D242-40E2-859E-791B092B627F}.Debug|Any CPU.Build.0 = Debug|Any CPU
		{176E8C91-D242-40E2-859E-791B092B627F}.Release|Any CPU.ActiveCfg = Release|Any CPU
		{176E8C91-D242-40E2-859E-791B092B627F}.Release|Any CPU.Build.0 = Release|Any CPU
		{918FBA26-54BC-4363-B500-8047EC5FC950}.Debug|Any CPU.ActiveCfg = Debug|Any CPU
		{918FBA26-54BC-4363-B500-8047EC5FC950}.Debug|Any CPU.Build.0 = Debug|Any CPU
		{918FBA26-54BC-4363-B500-8047EC5FC950}.Release|Any CPU.ActiveCfg = Release|Any CPU
		{918FBA26-54BC-4363-B500-8047EC5FC950}.Release|Any CPU.Build.0 = Release|Any CPU
	EndGlobalSection
	GlobalSection(SolutionProperties) = preSolution
		HideSolutionNode = FALSE
	EndGlobalSection
	GlobalSection(ExtensibilityGlobals) = postSolution
		SolutionGuid = {96D983E8-112D-433E-A6B6-146F2C44FD90}
	EndGlobalSection
EndGlobal
